
Microsoft Visual Studio Solution File, Format Version 12.00
# Visual Studio Version 17
VisualStudioVersion = 17.9.34728.123
MinimumVisualStudioVersion = 10.0.40219.1
Project("{FAE04EC0-301F-11D3-BF4B-00C04F79EFBC}") = "BliviPedidos", "BliviPedidos\BliviPedidos.csproj", "{EB2CA16D-C050-48B2-90EA-83AEF11E6EA2}"
EndProject
Global
	GlobalSection(SolutionConfigurationPlatforms) = preSolution
		Debug|Any CPU = Debug|Any CPU
		Release|Any CPU = Release|Any CPU
	EndGlobalSection
	GlobalSection(ProjectConfigurationPlatforms) = postSolution
		{EB2CA16D-C050-48B2-90EA-83AEF11E6EA2}.Debug|Any CPU.ActiveCfg = Debug|Any CPU
		{EB2CA16D-C050-48B2-90EA-83AEF11E6EA2}.Debug|Any CPU.Build.0 = Debug|Any CPU
		{EB2CA16D-C050-48B2-90EA-83AEF11E6EA2}.Release|Any CPU.ActiveCfg = Release|Any CPU
		{EB2CA16D-C050-48B2-90EA-83AEF11E6EA2}.Release|Any CPU.Build.0 = Release|Any CPU
	EndGlobalSection
	GlobalSection(SolutionProperties) = preSolution
		HideSolutionNode = FALSE
	EndGlobalSection
	GlobalSection(ExtensibilityGlobals) = postSolution
		SolutionGuid = {23E2EBAD-2DC8-4F9D-BA27-1864DBCC7544}
	EndGlobalSection
EndGlobal
