
Microsoft Visual Studio Solution File, Format Version 12.00
# Visual Studio Version 17
VisualStudioVersion = 17.5.002.0
MinimumVisualStudioVersion = 10.0.40219.1
Project("{9A19103F-16F7-4668-BE54-9A1E7A4F7556}") = "BliviPedidos", "BliviPedidos.csproj", "{553B07CE-7F56-4362-881D-798E6964B009}"
EndProject
Global
	GlobalSection(SolutionConfigurationPlatforms) = preSolution
		Debug|Any CPU = Debug|Any CPU
		Release|Any CPU = Release|Any CPU
	EndGlobalSection
	GlobalSection(ProjectConfigurationPlatforms) = postSolution
		{553B07CE-7F56-4362-881D-798E6964B009}.Debug|Any CPU.ActiveCfg = Debug|Any CPU
		{553B07CE-7F56-4362-881D-798E6964B009}.Debug|Any CPU.Build.0 = Debug|Any CPU
		{553B07CE-7F56-4362-881D-798E6964B009}.Release|Any CPU.ActiveCfg = Release|Any CPU
		{553B07CE-7F56-4362-881D-798E6964B009}.Release|Any CPU.Build.0 = Release|Any CPU
	EndGlobalSection
	GlobalSection(SolutionProperties) = preSolution
		HideSolutionNode = FALSE
	EndGlobalSection
	GlobalSection(ExtensibilityGlobals) = postSolution
		SolutionGuid = {A421AE2C-4F49-4117-8A9F-7570C3957DAF}
	EndGlobalSection
EndGlobal
